
Microsoft Visual Studio Solution File, Format Version 12.00
# Visual Studio Version 16
VisualStudioVersion = 16.0.31025.194
MinimumVisualStudioVersion = 10.0.40219.1
Project("{FAE04EC0-301F-11D3-BF4B-00C04F79EFBC}") = "Educian_Automation", "Educian_Automation\Educian_Automation.csproj", "{924F3B68-0CF2-4C65-BC32-4C6E47779AED}"
EndProject
Global
	GlobalSection(SolutionConfigurationPlatforms) = preSolution
		Debug|Any CPU = Debug|Any CPU
		Release|Any CPU = Release|Any CPU
	EndGlobalSection
	GlobalSection(ProjectConfigurationPlatforms) = postSolution
		{924F3B68-0CF2-4C65-BC32-4C6E47779AED}.Debug|Any CPU.ActiveCfg = Debug|Any CPU
		{924F3B68-0CF2-4C65-BC32-4C6E47779AED}.Debug|Any CPU.Build.0 = Debug|Any CPU
		{924F3B68-0CF2-4C65-BC32-4C6E47779AED}.Release|Any CPU.ActiveCfg = Release|Any CPU
		{924F3B68-0CF2-4C65-BC32-4C6E47779AED}.Release|Any CPU.Build.0 = Release|Any CPU
	EndGlobalSection
	GlobalSection(SolutionProperties) = preSolution
		HideSolutionNode = FALSE
	EndGlobalSection
	GlobalSection(ExtensibilityGlobals) = postSolution
		SolutionGuid = {A069464D-CD60-4222-BFCD-BF6E77D6BA8D}
	EndGlobalSection
EndGlobal
